
Microsoft Visual Studio Solution File, Format Version 12.00
# Visual Studio Version 17
VisualStudioVersion = 17.9.34728.123
MinimumVisualStudioVersion = 10.0.40219.1
Project("{FAE04EC0-301F-11D3-BF4B-00C04F79EFBC}") = "DuasPilhas", "DuasPilhas\DuasPilhas.csproj", "{C717AC6A-DA05-47A1-AC01-E73313406E46}"
EndProject
Global
	GlobalSection(SolutionConfigurationPlatforms) = preSolution
		Debug|Any CPU = Debug|Any CPU
		Release|Any CPU = Release|Any CPU
	EndGlobalSection
	GlobalSection(ProjectConfigurationPlatforms) = postSolution
		{C717AC6A-DA05-47A1-AC01-E73313406E46}.Debug|Any CPU.ActiveCfg = Debug|Any CPU
		{C717AC6A-DA05-47A1-AC01-E73313406E46}.Debug|Any CPU.Build.0 = Debug|Any CPU
		{C717AC6A-DA05-47A1-AC01-E73313406E46}.Release|Any CPU.ActiveCfg = Release|Any CPU
		{C717AC6A-DA05-47A1-AC01-E73313406E46}.Release|Any CPU.Build.0 = Release|Any CPU
	EndGlobalSection
	GlobalSection(SolutionProperties) = preSolution
		HideSolutionNode = FALSE
	EndGlobalSection
	GlobalSection(ExtensibilityGlobals) = postSolution
		SolutionGuid = {6E3DB0B8-EC18-4230-8D61-4E38E6F36EF7}
	EndGlobalSection
EndGlobal
